
Microsoft Visual Studio Solution File, Format Version 12.00
# Visual Studio Version 17
VisualStudioVersion = 17.12.35707.178
MinimumVisualStudioVersion = 10.0.40219.1
Project("{FAE04EC0-301F-11D3-BF4B-00C04F79EFBC}") = "NZWalks.API", "NZWalks.API\NZWalks.API.csproj", "{87D3E795-A7E5-4522-9192-DA542E2BB645}"
EndProject
Project("{FAE04EC0-301F-11D3-BF4B-00C04F79EFBC}") = "NZWalks.UI", "NZWalks.UI\NZWalks.UI.csproj", "{003A9099-B508-4723-BB62-C1E880019B7A}"
EndProject
Global
	GlobalSection(SolutionConfigurationPlatforms) = preSolution
		Debug|Any CPU = Debug|Any CPU
		Release|Any CPU = Release|Any CPU
	EndGlobalSection
	GlobalSection(ProjectConfigurationPlatforms) = postSolution
		{87D3E795-A7E5-4522-9192-DA542E2BB645}.Debug|Any CPU.ActiveCfg = Debug|Any CPU
		{87D3E795-A7E5-4522-9192-DA542E2BB645}.Debug|Any CPU.Build.0 = Debug|Any CPU
		{87D3E795-A7E5-4522-9192-DA542E2BB645}.Release|Any CPU.ActiveCfg = Release|Any CPU
		{87D3E795-A7E5-4522-9192-DA542E2BB645}.Release|Any CPU.Build.0 = Release|Any CPU
		{003A9099-B508-4723-BB62-C1E880019B7A}.Debug|Any CPU.ActiveCfg = Debug|Any CPU
		{003A9099-B508-4723-BB62-C1E880019B7A}.Debug|Any CPU.Build.0 = Debug|Any CPU
		{003A9099-B508-4723-BB62-C1E880019B7A}.Release|Any CPU.ActiveCfg = Release|Any CPU
		{003A9099-B508-4723-BB62-C1E880019B7A}.Release|Any CPU.Build.0 = Release|Any CPU
	EndGlobalSection
	GlobalSection(SolutionProperties) = preSolution
		HideSolutionNode = FALSE
	EndGlobalSection
EndGlobal
